
Microsoft Visual Studio Solution File, Format Version 12.00
# Visual Studio 15
VisualStudioVersion = 15.0.28307.271
MinimumVisualStudioVersion = 10.0.40219.1
Project("{FAE04EC0-301F-11D3-BF4B-00C04F79EFBC}") = "WFHotel", "WFHotel\WFHotel.csproj", "{02702F51-55ED-4006-B45B-C72D2A8CC3E1}"
EndProject
Project("{FAE04EC0-301F-11D3-BF4B-00C04F79EFBC}") = "HotelData", "HotelData\HotelData.csproj", "{7F27C344-5D1F-492A-81B5-1E87CC205372}"
EndProject
Global
	GlobalSection(SolutionConfigurationPlatforms) = preSolution
		Debug|Any CPU = Debug|Any CPU
		Release|Any CPU = Release|Any CPU
	EndGlobalSection
	GlobalSection(ProjectConfigurationPlatforms) = postSolution
		{02702F51-55ED-4006-B45B-C72D2A8CC3E1}.Debug|Any CPU.ActiveCfg = Debug|Any CPU
		{02702F51-55ED-4006-B45B-C72D2A8CC3E1}.Debug|Any CPU.Build.0 = Debug|Any CPU
		{02702F51-55ED-4006-B45B-C72D2A8CC3E1}.Release|Any CPU.ActiveCfg = Release|Any CPU
		{02702F51-55ED-4006-B45B-C72D2A8CC3E1}.Release|Any CPU.Build.0 = Release|Any CPU
		{7F27C344-5D1F-492A-81B5-1E87CC205372}.Debug|Any CPU.ActiveCfg = Debug|Any CPU
		{7F27C344-5D1F-492A-81B5-1E87CC205372}.Debug|Any CPU.Build.0 = Debug|Any CPU
		{7F27C344-5D1F-492A-81B5-1E87CC205372}.Release|Any CPU.ActiveCfg = Release|Any CPU
		{7F27C344-5D1F-492A-81B5-1E87CC205372}.Release|Any CPU.Build.0 = Release|Any CPU
	EndGlobalSection
	GlobalSection(SolutionProperties) = preSolution
		HideSolutionNode = FALSE
	EndGlobalSection
	GlobalSection(ExtensibilityGlobals) = postSolution
		SolutionGuid = {AE392134-CB3B-4AD1-AD89-12B7D98C11B3}
	EndGlobalSection
EndGlobal
